{
  "lockfile_version": "1",
  "packages": {
    "age@latest": {
      "last_modified": "2026-03-21T07:29:51Z",
      "resolved": "github:NixOS/nixpkgs/09061f748ee21f68a089cd5d91ec1859cd93d0be#age",
      "source": "devbox-search",
      "version": "1.3.1",
      "systems": {
        "aarch64-darwin": {
          "outputs": [
            {
              "name": "out",
              "path": "/nix/store/1ra7w71qrp90pbarjha1sirq05gbwyrn-age-1.3.1",
              "default": true
            }
          ],
          "store_path": "/nix/store/1ra7w71qrp90pbarjha1sirq05gbwyrn-age-1.3.1"
        },
        "aarch64-linux": {
          "outputs": [
            {
              "name": "out",
              "path": "/nix/store/jq4xwqi97a10ixkl9dmjncw87a1n3j3g-age-1.3.1",
              "default": true
            }
          ],
          "store_path": "/nix/store/jq4xwqi97a10ixkl9dmjncw87a1n3j3g-age-1.3.1"
        },
        "x86_64-darwin": {
          "outputs": [
            {
              "name": "out",
              "path": "/nix/store/x15k2z4l7f60xpzzl631w3q6yd0mg8z3-age-1.3.1",
              "default": true
            }
          ],
          "store_path": "/nix/store/x15k2z4l7f60xpzzl631w3q6yd0mg8z3-age-1.3.1"
        },
        "x86_64-linux": {
          "outputs": [
            {
              "name": "out",
              "path": "/nix/store/bx602yqsxz88pr178n8yk1pp7d1vll5k-age-1.3.1",
              "default": true
            }
          ],
          "store_path": "/nix/store/bx602yqsxz88pr178n8yk1pp7d1vll5k-age-1.3.1"
        }
      }
    },
    "github:NixOS/nixpkgs/nixpkgs-unstable": {
      "last_modified": "2026-03-28T12:40:58Z",
      "resolved": "github:NixOS/nixpkgs/b63fe7f000adcfa269967eeff72c64cafecbbebe?lastModified=1774701658&narHash=sha256-CIS%2F4AMUSwUyC8X5g%2B5JsMRvIUL3YUfewe8K4VrbsSQ%3D"
    },
    "go-task@latest": {
      "last_modified": "2026-03-21T07:29:51Z",
      "resolved": "github:NixOS/nixpkgs/09061f748ee21f68a089cd5d91ec1859cd93d0be#go-task",
      "source": "devbox-search",
      "version": "3.48.0",
      "systems": {
        "aarch64-darwin": {
          "outputs": [
            {
              "name": "out",
              "path": "/nix/store/sab4xhgi6cs6rnxsx33dxqg2zcir52rm-go-task-3.48.0",
              "default": true
            }
          ],
          "store_path": "/nix/store/sab4xhgi6cs6rnxsx33dxqg2zcir52rm-go-task-3.48.0"
        },
        "aarch64-linux": {
          "outputs": [
            {
              "name": "out",
              "path": "/nix/store/cidnjfhcp1qyxjih6qaa61hfyxy5k5ap-go-task-3.48.0",
              "default": true
            }
          ],
          "store_path": "/nix/store/cidnjfhcp1qyxjih6qaa61hfyxy5k5ap-go-task-3.48.0"
        },
        "x86_64-darwin": {
          "outputs": [
            {
              "name": "out",
              "path": "/nix/store/nxbwqrg7jx4l16q1c37kr510cv0cz1cw-go-task-3.48.0",
              "default": true
            }
          ],
          "store_path": "/nix/store/nxbwqrg7jx4l16q1c37kr510cv0cz1cw-go-task-3.48.0"
        },
        "x86_64-linux": {
          "outputs": [
            {
              "name": "out",
              "path": "/nix/store/qxs1p264gzz3nficzss2nsp7fs5cdi31-go-task-3.48.0",
              "default": true
            }
          ],
          "store_path": "/nix/store/qxs1p264gzz3nficzss2nsp7fs5cdi31-go-task-3.48.0"
        }
      }
    },
    "helmfile@latest": {
      "last_modified": "2026-03-27T11:17:38Z",
      "resolved": "github:NixOS/nixpkgs/832efc09b4caf6b4569fbf9dc01bec3082a00611#helmfile",
      "source": "devbox-search",
      "version": "1.4.3",
      "systems": {
        "aarch64-darwin": {
          "outputs": [
            {
              "name": "out",
              "path": "/nix/store/pa2s94pi6cm7n8crxik8sjg4mz3yi7la-helmfile-1.4.3",
              "default": true
            }
          ],
          "store_path": "/nix/store/pa2s94pi6cm7n8crxik8sjg4mz3yi7la-helmfile-1.4.3"
        },
        "aarch64-linux": {
          "outputs": [
            {
              "name": "out",
              "path": "/nix/store/wa2zjynj2pc9xz09ybnrd60aml3llgym-helmfile-1.4.3",
              "default": true
            }
          ],
          "store_path": "/nix/store/wa2zjynj2pc9xz09ybnrd60aml3llgym-helmfile-1.4.3"
        },
        "x86_64-darwin": {
          "outputs": [
            {
              "name": "out",
              "path": "/nix/store/56dl2zdrvyqjimhd39q4vlwpnpvwya2r-helmfile-1.4.3",
              "default": true
            }
          ],
          "store_path": "/nix/store/56dl2zdrvyqjimhd39q4vlwpnpvwya2r-helmfile-1.4.3"
        },
        "x86_64-linux": {
          "outputs": [
            {
              "name": "out",
              "path": "/nix/store/3zywcsqrgvpm8slg6hzyzyxkafiayf9l-helmfile-1.4.3",
              "default": true
            }
          ],
          "store_path": "/nix/store/3zywcsqrgvpm8slg6hzyzyxkafiayf9l-helmfile-1.4.3"
        }
      }
    },
    "kubernetes-helm@latest": {
      "last_modified": "2026-03-21T07:29:51Z",
      "resolved": "github:NixOS/nixpkgs/09061f748ee21f68a089cd5d91ec1859cd93d0be#kubernetes-helm",
      "source": "devbox-search",
      "version": "3.19.1",
      "systems": {
        "aarch64-darwin": {
          "outputs": [
            {
              "name": "out",
              "path": "/nix/store/lj80z1b76xig3lfn0s0cmj1lff99jrq3-kubernetes-helm-3.19.1",
              "default": true
            }
          ],
          "store_path": "/nix/store/lj80z1b76xig3lfn0s0cmj1lff99jrq3-kubernetes-helm-3.19.1"
        },
        "aarch64-linux": {
          "outputs": [
            {
              "name": "out",
              "path": "/nix/store/zzzspvhp2sxrcii8g6gi65c78mmc5ifg-kubernetes-helm-3.19.1",
              "default": true
            }
          ],
          "store_path": "/nix/store/zzzspvhp2sxrcii8g6gi65c78mmc5ifg-kubernetes-helm-3.19.1"
        },
        "x86_64-darwin": {
          "outputs": [
            {
              "name": "out",
              "path": "/nix/store/5wig6vkavjfp1jd3qbx9mbyiiqbfsa75-kubernetes-helm-3.19.1",
              "default": true
            }
          ],
          "store_path": "/nix/store/5wig6vkavjfp1jd3qbx9mbyiiqbfsa75-kubernetes-helm-3.19.1"
        },
        "x86_64-linux": {
          "outputs": [
            {
              "name": "out",
              "path": "/nix/store/6gdpshqw9zx0iz7g6xdkbkxkd5xc6kdd-kubernetes-helm-3.19.1",
              "default": true
            }
          ],
          "store_path": "/nix/store/6gdpshqw9zx0iz7g6xdkbkxkd5xc6kdd-kubernetes-helm-3.19.1"
        }
      }
    },
    "oras@latest": {
      "last_modified": "2026-03-21T07:29:51Z",
      "resolved": "github:NixOS/nixpkgs/09061f748ee21f68a089cd5d91ec1859cd93d0be#oras",
      "source": "devbox-search",
      "version": "1.3.0",
      "systems": {
        "aarch64-darwin": {
          "outputs": [
            {
              "name": "out",
              "path": "/nix/store/lyyv71fvbim4aa48cwcj040xr1rnasxc-oras-1.3.0",
              "default": true
            }
          ],
          "store_path": "/nix/store/lyyv71fvbim4aa48cwcj040xr1rnasxc-oras-1.3.0"
        },
        "aarch64-linux": {
          "outputs": [
            {
              "name": "out",
              "path": "/nix/store/9gmijphg4hzm023k0klx7w4yz54f349q-oras-1.3.0",
              "default": true
            }
          ],
          "store_path": "/nix/store/9gmijphg4hzm023k0klx7w4yz54f349q-oras-1.3.0"
        },
        "x86_64-darwin": {
          "outputs": [
            {
              "name": "out",
              "path": "/nix/store/68n6iq22hcznjr2m8d980m70g6f86r3d-oras-1.3.0",
              "default": true
            }
          ],
          "store_path": "/nix/store/68n6iq22hcznjr2m8d980m70g6f86r3d-oras-1.3.0"
        },
        "x86_64-linux": {
          "outputs": [
            {
              "name": "out",
              "path": "/nix/store/g95qqlpjrdxvh34hhcj09yj3r4x5ngns-oras-1.3.0",
              "default": true
            }
          ],
          "store_path": "/nix/store/g95qqlpjrdxvh34hhcj09yj3r4x5ngns-oras-1.3.0"
        }
      }
    },
    "sops@latest": {
      "last_modified": "2026-03-21T07:29:51Z",
      "resolved": "github:NixOS/nixpkgs/09061f748ee21f68a089cd5d91ec1859cd93d0be#sops",
      "source": "devbox-search",
      "version": "3.12.2",
      "systems": {
        "aarch64-darwin": {
          "outputs": [
            {
              "name": "out",
              "path": "/nix/store/cjdmr337cia6mbzjyhrpicsqh3dxydhf-sops-3.12.2",
              "default": true
            }
          ],
          "store_path": "/nix/store/cjdmr337cia6mbzjyhrpicsqh3dxydhf-sops-3.12.2"
        },
        "aarch64-linux": {
          "outputs": [
            {
              "name": "out",
              "path": "/nix/store/gf2m4naa01aybcpz0xk39s7l4qs58g9g-sops-3.12.2",
              "default": true
            }
          ],
          "store_path": "/nix/store/gf2m4naa01aybcpz0xk39s7l4qs58g9g-sops-3.12.2"
        },
        "x86_64-darwin": {
          "outputs": [
            {
              "name": "out",
              "path": "/nix/store/jbvkdmyndfz1d88520dii1kbx8brwghj-sops-3.12.2",
              "default": true
            }
          ],
          "store_path": "/nix/store/jbvkdmyndfz1d88520dii1kbx8brwghj-sops-3.12.2"
        },
        "x86_64-linux": {
          "outputs": [
            {
              "name": "out",
              "path": "/nix/store/cfv6kmqpcb72lfqbz2qcfcfnqsfjb4lc-sops-3.12.2",
              "default": true
            }
          ],
          "store_path": "/nix/store/cfv6kmqpcb72lfqbz2qcfcfnqsfjb4lc-sops-3.12.2"
        }
      }
    },
    "terraform@latest": {
      "last_modified": "2026-03-29T14:22:01Z",
      "resolved": "github:NixOS/nixpkgs/c397ef6af68c018462d786e1b65384abc472a907#terraform",
      "source": "devbox-search",
      "version": "1.14.8",
      "systems": {
        "aarch64-darwin": {
          "outputs": [
            {
              "name": "out",
              "path": "/nix/store/21vxm6hcrxki9iwzcc9pcjd060ib7p0w-terraform-1.14.8",
              "default": true
            }
          ],
          "store_path": "/nix/store/21vxm6hcrxki9iwzcc9pcjd060ib7p0w-terraform-1.14.8"
        },
        "aarch64-linux": {
          "outputs": [
            {
              "name": "out",
              "path": "/nix/store/59z3ljc9f24y3y7m3msc47hdwzl44w5g-terraform-1.14.8",
              "default": true
            }
          ],
          "store_path": "/nix/store/59z3ljc9f24y3y7m3msc47hdwzl44w5g-terraform-1.14.8"
        },
        "x86_64-darwin": {
          "outputs": [
            {
              "name": "out",
              "path": "/nix/store/d0h62zc9af99gddpglbxpzpycw74yhyc-terraform-1.14.8",
              "default": true
            }
          ],
          "store_path": "/nix/store/d0h62zc9af99gddpglbxpzpycw74yhyc-terraform-1.14.8"
        },
        "x86_64-linux": {
          "outputs": [
            {
              "name": "out",
              "path": "/nix/store/g3971j79h9mmg5d0cg60qfdgy0qzgsj5-terraform-1.14.8",
              "default": true
            }
          ],
          "store_path": "/nix/store/g3971j79h9mmg5d0cg60qfdgy0qzgsj5-terraform-1.14.8"
        }
      }
    },
    "terragrunt@latest": {
      "last_modified": "2026-03-27T11:17:38Z",
      "resolved": "github:NixOS/nixpkgs/832efc09b4caf6b4569fbf9dc01bec3082a00611#terragrunt",
      "source": "devbox-search",
      "version": "0.99.5",
      "systems": {
        "aarch64-darwin": {
          "outputs": [
            {
              "name": "out",
              "path": "/nix/store/mzp455l7z7aqnyqydpnrdgvannll7865-terragrunt-0.99.5",
              "default": true
            }
          ],
          "store_path": "/nix/store/mzp455l7z7aqnyqydpnrdgvannll7865-terragrunt-0.99.5"
        },
        "aarch64-linux": {
          "outputs": [
            {
              "name": "out",
              "path": "/nix/store/afiikgl8893fhpbk9zndzd9v0mnhwszb-terragrunt-0.99.5",
              "default": true
            }
          ],
          "store_path": "/nix/store/afiikgl8893fhpbk9zndzd9v0mnhwszb-terragrunt-0.99.5"
        },
        "x86_64-darwin": {
          "outputs": [
            {
              "name": "out",
              "path": "/nix/store/sn9jf0rxasa42pnwpk9jwab4j6xd0qdc-terragrunt-0.99.5",
              "default": true
            }
          ],
          "store_path": "/nix/store/sn9jf0rxasa42pnwpk9jwab4j6xd0qdc-terragrunt-0.99.5"
        },
        "x86_64-linux": {
          "outputs": [
            {
              "name": "out",
              "path": "/nix/store/k6r3i45nc2lg2ymqg68qyy0i7x23sb0p-terragrunt-0.99.5",
              "default": true
            }
          ],
          "store_path": "/nix/store/k6r3i45nc2lg2ymqg68qyy0i7x23sb0p-terragrunt-0.99.5"
        }
      }
    },
    "uv@latest": {
      "last_modified": "2026-04-23T13:07:47Z",
      "resolved": "github:NixOS/nixpkgs/01fbdeef22b76df85ea168fbfe1bfd9e63681b30#uv",
      "source": "devbox-search",
      "version": "0.11.7",
      "systems": {
        "aarch64-darwin": {
          "outputs": [
            {
              "name": "out",
              "path": "/nix/store/ba35wynp96xhm8h6bkwf10mav42yn9s7-uv-0.11.7",
              "default": true
            }
          ],
          "store_path": "/nix/store/ba35wynp96xhm8h6bkwf10mav42yn9s7-uv-0.11.7"
        },
        "aarch64-linux": {
          "outputs": [
            {
              "name": "out",
              "path": "/nix/store/43w87y2p90j3m8fp1h16m79sij73bzj0-uv-0.11.7",
              "default": true
            }
          ],
          "store_path": "/nix/store/43w87y2p90j3m8fp1h16m79sij73bzj0-uv-0.11.7"
        },
        "x86_64-darwin": {
          "outputs": [
            {
              "name": "out",
              "path": "/nix/store/9mbm06fnyc9q0jjg1fqv8q255w3qnq49-uv-0.11.7",
              "default": true
            }
          ],
          "store_path": "/nix/store/9mbm06fnyc9q0jjg1fqv8q255w3qnq49-uv-0.11.7"
        },
        "x86_64-linux": {
          "outputs": [
            {
              "name": "out",
              "path": "/nix/store/lsbfn3gaayr024717v68491pm3mbmm6g-uv-0.11.7",
              "default": true
            }
          ],
          "store_path": "/nix/store/lsbfn3gaayr024717v68491pm3mbmm6g-uv-0.11.7"
        }
      }
    },
    "yq@latest": {
      "last_modified": "2026-03-21T07:29:51Z",
      "resolved": "github:NixOS/nixpkgs/09061f748ee21f68a089cd5d91ec1859cd93d0be#yq",
      "source": "devbox-search",
      "version": "3.4.3",
      "systems": {
        "aarch64-darwin": {
          "outputs": [
            {
              "name": "out",
              "path": "/nix/store/8p6fw71222d730dkdjvjp17ab9hrq466-python3.13-yq-3.4.3",
              "default": true
            },
            {
              "name": "dist",
              "path": "/nix/store/p8awrk5bmyi5jkxnyz237rq8z42bchar-python3.13-yq-3.4.3-dist"
            }
          ],
          "store_path": "/nix/store/8p6fw71222d730dkdjvjp17ab9hrq466-python3.13-yq-3.4.3"
        },
        "aarch64-linux": {
          "outputs": [
            {
              "name": "out",
              "path": "/nix/store/ric7npvm1igns3jvfbn6w0n8xfxcf2f3-python3.13-yq-3.4.3",
              "default": true
            },
            {
              "name": "dist",
              "path": "/nix/store/hr960lapix8km6a0ywgcpsl2w03h4ss9-python3.13-yq-3.4.3-dist"
            }
          ],
          "store_path": "/nix/store/ric7npvm1igns3jvfbn6w0n8xfxcf2f3-python3.13-yq-3.4.3"
        },
        "x86_64-darwin": {
          "outputs": [
            {
              "name": "out",
              "path": "/nix/store/isc6nca4pfdnv5s1bqr6gbs7kmx947f2-python3.13-yq-3.4.3",
              "default": true
            },
            {
              "name": "dist",
              "path": "/nix/store/qp976mn0ahcdfdzvyvg8pd8y2r8973cr-python3.13-yq-3.4.3-dist"
            }
          ],
          "store_path": "/nix/store/isc6nca4pfdnv5s1bqr6gbs7kmx947f2-python3.13-yq-3.4.3"
        },
        "x86_64-linux": {
          "outputs": [
            {
              "name": "out",
              "path": "/nix/store/ds88l6b47h9r5g10c0q83damcrjn629j-python3.13-yq-3.4.3",
              "default": true
            },
            {
              "name": "dist",
              "path": "/nix/store/n15avq96k2pk2fq4vn3ncr3c7qp0g9s5-python3.13-yq-3.4.3-dist"
            }
          ],
          "store_path": "/nix/store/ds88l6b47h9r5g10c0q83damcrjn629j-python3.13-yq-3.4.3"
        }
      }
    }
  }
}
